Microsoft Visual Studio Solution File, Format Version 8.00
Project("{8BC9CEB8-8B4A-11D0-8D11-00A0C91BC942}") = "Server_CENTER", "Server_CENTER.vcproj", "{A985725D-A443-4E84-B79D-3A0CB9BC2B64}"
	ProjectSection(ProjectDependencies) = postProject
	EndProjectSection
EndProject
Global
	GlobalSection(SolutionConfiguration) = preSolution
		Debug = Debug
		Release = Release
	EndGlobalSection
	GlobalSection(ProjectConfiguration) = postSolution
		{A985725D-A443-4E84-B79D-3A0CB9BC2B64}.Debug.ActiveCfg = Debug|Win32
		{A985725D-A443-4E84-B79D-3A0CB9BC2B64}.Debug.Build.0 = Debug|Win32
		{A985725D-A443-4E84-B79D-3A0CB9BC2B64}.Release.ActiveCfg = Release|Win32
		{A985725D-A443-4E84-B79D-3A0CB9BC2B64}.Release.Build.0 = Release|Win32
	EndGlobalSection
	GlobalSection(ExtensibilityGlobals) = postSolution
	EndGlobalSection
	GlobalSection(ExtensibilityAddIns) = postSolution
	EndGlobalSection
EndGlobal
